{
  "requires": true,
  "lockfileVersion": 1,
  "dependencies": {
    "bulma": {
      "version": "0.5.3",
      "resolved": "https://registry.npmjs.org/bulma/-/bulma-0.5.3.tgz",
      "integrity": "sha1-vpOvtiRhklBcMN8/nBwpqX0xmhM="
    },
    "bulma-tooltip": {
      "version": "0.0.4",
      "resolved": "https://registry.npmjs.org/bulma-tooltip/-/bulma-tooltip-0.0.4.tgz",
      "integrity": "sha512-Q6c3sXQnoFxQF+Ep/GJrhFW7C21f5B2gvA4VnP4RAWOkyZrSHnROINhFo4uIyWTOa0MRyACLVfjmIUHuK5zXyw=="
    },
    "c3": {
      "version": "0.4.18",
      "resolved": "https://registry.npmjs.org/c3/-/c3-0.4.18.tgz",
      "integrity": "sha512-37TiFeCrbe69gg7SxFpTBOLDwulnk+opKp1AFDi43mONtErpRoUIZfGSimGiSYQmNu6Zh9W2yNOx0066UikqSg==",
      "requires": {
        "d3": "3.5.17"
      }
    },
    "d3": {
      "version": "3.5.17",
      "resolved": "https://registry.npmjs.org/d3/-/d3-3.5.17.tgz",
      "integrity": "sha1-vEZ0gAQ3iyGjYMn8fPUjF5B2L7g="
    }
  }
}
